{
  "name": "InfoValidation",
  "lockfileVersion": 3,
  "requires": true,
  "packages": {
    "": {
      "dependencies": {
        "@fullstory/browser": "^2.0.8",
        "@microsoft/clarity": "^1.0.2"
      }
    },
    "node_modules/@fullstory/browser": {
      "version": "2.0.8",
      "resolved": "https://registry.npmjs.org/@fullstory/browser/-/browser-2.0.8.tgz",
      "integrity": "sha512-MOylRaBAs7y7xFLvBQo446/xbTZ9MbPZSn3B4go4+eXI1o/uY7F+30ow6CA1i8fVoE4ScXDYpRtffDBBFsd8CQ==",
      "license": "MIT",
      "dependencies": {
        "@fullstory/snippet": "2.0.6"
      }
    },
    "node_modules/@fullstory/snippet": {
      "version": "2.0.6",
      "resolved": "https://registry.npmjs.org/@fullstory/snippet/-/snippet-2.0.6.tgz",
      "integrity": "sha512-GECETOTiW8XhRAr4q94rXY8Uc315KGmSepZQvBKW1LONJiKFvKzKpm/6Lystw/8lHFsDT7hD5VIZntMNOO2VAQ==",
      "license": "ISC"
    },
    "node_modules/@microsoft/clarity": {
      "version": "1.0.2",
      "resolved": "https://registry.npmjs.org/@microsoft/clarity/-/clarity-1.0.2.tgz",
      "integrity": "sha512-9EZYROFpJxEGmQpHvUFqvD3ZJ7QQSqnibYSWmS+1xusoZfG1QQ1/Al9yVBBc11DWMbJrs1pe1hLT273it/skJg==",
      "license": "MIT"
    }
  }
}
